lockfileVersion: '9.0'

settings:
  autoInstallPeers: true
  excludeLinksFromLockfile: false

importers:

  .:
    dependencies:
      '@dashkite/aldera':
        specifier: link:../aldera
        version: link:../aldera
      '@dashkite/color-thief':
        specifier: link:../color-thief
        version: link:../color-thief
      '@dashkite/colorist':
        specifier: link:../colorist
        version: link:../colorist
      '@dashkite/dominator':
        specifier: link:../dominator
        version: link:../dominator
      '@dashkite/europa':
        specifier: link:../europa
        version: link:../europa
      '@dashkite/format-text':
        specifier: link:../format-text
        version: link:../format-text
      '@dashkite/generic':
        specifier: link:../generic
        version: link:../generic
      '@dashkite/halstead':
        specifier: link:../halstead
        version: link:../halstead
      '@dashkite/helium':
        specifier: link:../helium
        version: link:../helium
      '@dashkite/html-render':
        specifier: link:../html-render
        version: link:../html-render
      '@dashkite/joy':
        specifier: link:../joy
        version: link:../joy
      '@dashkite/katana':
        specifier: ^0.4.8
        version: 0.4.8
      '@dashkite/media-type':
        specifier: link:../media-type
        version: link:../media-type
      '@dashkite/messages':
        specifier: link:../messages
        version: link:../messages
      '@dashkite/montrose':
        specifier: link:../montrose
        version: link:../montrose
      '@dashkite/neon-drive':
        specifier: link:../neon-drive
        version: link:../neon-drive
      '@dashkite/observable':
        specifier: link:../observable
        version: link:../observable
      '@dashkite/posh':
        specifier: link:../posh
        version: link:../posh
      '@dashkite/rio':
        specifier: link:../rio
        version: link:../rio
      '@dashkite/rio-arriba':
        specifier: link:../rio-arriba
        version: link:../rio-arriba
      '@dashkite/rio-europa':
        specifier: link:../rio-europa
        version: link:../rio-europa
      '@dashkite/rio-forms':
        specifier: link:../rio-forms
        version: link:../rio-forms
      '@dashkite/rio-helium':
        specifier: link:../rio-helium
        version: link:../rio-helium
      '@dashkite/rio-observable':
        specifier: link:../rio-observable
        version: link:../rio-observable
      '@dashkite/rio-oxygen':
        specifier: link:../rio-oxygen
        version: link:../rio-oxygen
      '@dashkite/rio-profile':
        specifier: link:../rio-profile
        version: link:../rio-profile
      '@dashkite/rio-vega':
        specifier: link:../rio-vega
        version: link:../rio-vega
      '@dashkite/storage':
        specifier: link:../storage
        version: link:../storage
      '@dashkite/talisa':
        specifier: link:../talisa
        version: link:../talisa
      '@dashkite/talisa-render':
        specifier: link:../talisa-render
        version: link:../talisa-render
      '@dashkite/talos':
        specifier: link:../talos
        version: link:../talos
      '@dashkite/validator':
        specifier: link:../validator
        version: link:../validator
      '@dashkite/vega-client':
        specifier: link:../vega-client
        version: link:../vega-client
      '@dashkite/vellum':
        specifier: link:../vellum
        version: link:../vellum
      '@dashkite/verve':
        specifier: link:../verve
        version: link:../verve
      '@dashkite/wayland':
        specifier: link:../wayland
        version: link:../wayland
      minisearch:
        specifier: ^7.1.0
        version: 7.1.0
      unsplash-js:
        specifier: ^7.0.19
        version: 7.0.19
    devDependencies:
      '@dashkite/amen':
        specifier: ^0.2.0
        version: 0.2.2
      '@dashkite/amen-console':
        specifier: ^0.0.2
        version: 0.0.2
      '@dashkite/assert':
        specifier: ^0.1.4
        version: 0.1.4
      '@dashkite/belmont':
        specifier: link:../belmont
        version: link:../belmont
      '@dashkite/broadway':
        specifier: link:../broadway
        version: link:../broadway
      '@dashkite/drn-sky':
        specifier: link:../drn-sky
        version: link:../drn-sky
      '@dashkite/genie':
        specifier: link:../genie
        version: link:../genie
      '@dashkite/genie-atlas':
        specifier: link:../genie-atlas
        version: link:../genie-atlas
      '@dashkite/genie-clean':
        specifier: link:../genie-clean
        version: link:../genie-clean
      '@dashkite/genie-coffee':
        specifier: link:../genie-coffee
        version: link:../genie-coffee
      '@dashkite/genie-drn':
        specifier: link:../genie-drn
        version: link:../genie-drn
      '@dashkite/genie-module':
        specifier: link:../genie-module
        version: link:../genie-module
      '@dashkite/genie-pug':
        specifier: link:../genie-pug
        version: link:../genie-pug
      '@dashkite/genie-stylus':
        specifier: link:../genie-stylus
        version: link:../genie-stylus
      '@dashkite/genie-yaml':
        specifier: link:../genie-yaml
        version: link:../genie-yaml
      '@dashkite/reload':
        specifier: link:../reload
        version: link:../reload

packages:

  '@dashkite/amen-console@0.0.2':
    resolution: {integrity: sha512-16xkmucNi9enIjXI3Khf54mdvDFG7+QSeB4/Xlh3AGKjPCwSQppV/DTVgaI5mkYcYO3b9v6RGrEGYvaji4ynVw==}

  '@dashkite/amen@0.2.2':
    resolution: {integrity: sha512-bJBbRiIcQaKBT2A+EOltZaZMqGCptPw7rfSnTsu1AiicYWrXwe41zwo2W0a079OpJTLsH9v2vnU20xMCP9mQqA==}

  '@dashkite/assert@0.1.4':
    resolution: {integrity: sha512-OLOzI/lA+EwCh6znSexGAG1V4bkaT5gU04xl6ApEluv5jICnHhinZ707MObu+jhVVJ9uHDDlG85O+Afn1aTQoQ==}

  '@dashkite/joy@0.3.16':
    resolution: {integrity: sha512-dsU0us4j1Pb+zceoBvLbnZ2PbmULkJUtM2vtWLxKmoc1DE4w9SVTiPTe6JWvF0A0vk90ldv+Lc9qEA5x3O+DtQ==}

  '@dashkite/katana@0.4.8':
    resolution: {integrity: sha512-KOfMS5aRZItxPeMv0OXbOTCj5BZhN9jM190jae8HB7WgGB5uM5jEzRWmyh3yVbxTaL83o7csktRzUkxkr/Op1A==}

  ansi-styles@4.3.0:
    resolution: {integrity: sha512-zbB9rCJAT1rbjiVDb2hqKFHNYLxgtk8NURxZ3IZwD3F6NtxbXZQCnnSi1Lkx+IDohdPlFp222wVALIheZJQSEg==}
    engines: {node: '>=8'}

  chalk@4.1.2:
    resolution: {integrity: sha512-oKnbhFyRIXpUuez8iBMmyEa4nbj4IOQyuhc/wy9kY7/WVPcwIO9VA668Pu8RkO7+0G76SLROeyw9CpQ061i4mA==}
    engines: {node: '>=10'}

  color-convert@2.0.1:
    resolution: {integrity: sha512-RRECPsj7iu/xb5oKYcsFHSppFNnsj/52OVTRKb4zP5onXwVF3zVmmToNcOfGC+CRDpfK/U584fMg38ZHCaElKQ==}
    engines: {node: '>=7.0.0'}

  color-name@1.1.4:
    resolution: {integrity: sha512-dOy+3AuW3a2wNbZHIuMZpTcgjGuLU/uBL/ubcZF9OXbDo8ff4O8yVp5Bf0efS8uEoYo5q4Fx7dY9OgQGXgAsQA==}

  has-flag@4.0.0:
    resolution: {integrity: sha512-EykJT/Q1KjTWctppgIAgfSO0tKVuZUjhgMr17kqTumMl6Afv3EISleU7qZUzoXDFTAHTDC4NOoG/ZxU3EvlMPQ==}
    engines: {node: '>=8'}

  minisearch@7.1.0:
    resolution: {integrity: sha512-tv7c/uefWdEhcu6hvrfTihflgeEi2tN6VV7HJnCjK6VxM75QQJh4t9FwJCsA2EsRS8LCnu3W87CuGPWMocOLCA==}

  supports-color@7.2.0:
    resolution: {integrity: sha512-qpCAvRl9stuOHveKsn7HncJRvv501qIacKzQlO/+Lwxc9+0q2wLyv4Dfvt80/DPn2pqOBsJdDiogXGR9+OvwRw==}
    engines: {node: '>=8'}

  unsplash-js@7.0.19:
    resolution: {integrity: sha512-j6qT2floy5Q2g2d939FJpwey1yw/GpQecFiSouyJtsHQPj3oqmqq3K4rI+GF8vU1zwGCT7ZwIGQd2dtCQLjYJw==}
    engines: {node: '>=10'}

snapshots:

  '@dashkite/amen-console@0.0.2':
    dependencies:
      chalk: 4.1.2

  '@dashkite/amen@0.2.2': {}

  '@dashkite/assert@0.1.4':
    dependencies:
      '@dashkite/joy': 0.3.16

  '@dashkite/joy@0.3.16': {}

  '@dashkite/katana@0.4.8':
    dependencies:
      '@dashkite/joy': 0.3.16

  ansi-styles@4.3.0:
    dependencies:
      color-convert: 2.0.1

  chalk@4.1.2:
    dependencies:
      ansi-styles: 4.3.0
      supports-color: 7.2.0

  color-convert@2.0.1:
    dependencies:
      color-name: 1.1.4

  color-name@1.1.4: {}

  has-flag@4.0.0: {}

  minisearch@7.1.0: {}

  supports-color@7.2.0:
    dependencies:
      has-flag: 4.0.0

  unsplash-js@7.0.19: {}
